
Microsoft Visual Studio Solution File, Format Version 12.00
Project("{FAE04EC0-301F-11D3-BF4B-00C04F79EFBC}") = "DungAT.DockerMonitoring.Application", "DungAT.DockerMonitoring.Application\DungAT.DockerMonitoring.Application.csproj", "{71862457-0139-4DB5-8DEB-1C384529F67D}"
EndProject
Project("{2150E333-8FDC-42A3-9474-1A3956D46DE8}") = "test", "test", "{2A2FC6AA-CA00-479D-B717-28DA9F41BFDB}"
EndProject
Project("{FAE04EC0-301F-11D3-BF4B-00C04F79EFBC}") = "DungAT.DockerMonitoring.UnitTest", "test\DungAT.DockerMonitoring.UnitTest\DungAT.DockerMonitoring.UnitTest.csproj", "{06CF9C68-0CFD-4A89-8003-0170412214C9}"
EndProject
Project("{2150E333-8FDC-42A3-9474-1A3956D46DE8}") = "library", "library", "{FAF80AD2-4E42-473D-86E1-D1FF37E177C2}"
EndProject
Project("{FAE04EC0-301F-11D3-BF4B-00C04F79EFBC}") = "DungAT.DockerMonitoring.Models", "DungAT.DockerMonitoring.Models\DungAT.DockerMonitoring.Models.csproj", "{F8ED0C1E-AC47-4BAB-95CA-9E3332575693}"
EndProject
Global
	GlobalSection(SolutionConfigurationPlatforms) = preSolution
		Debug|Any CPU = Debug|Any CPU
		Release|Any CPU = Release|Any CPU
	EndGlobalSection
	GlobalSection(ProjectConfigurationPlatforms) = postSolution
		{71862457-0139-4DB5-8DEB-1C384529F67D}.Debug|Any CPU.ActiveCfg = Debug|Any CPU
		{71862457-0139-4DB5-8DEB-1C384529F67D}.Debug|Any CPU.Build.0 = Debug|Any CPU
		{71862457-0139-4DB5-8DEB-1C384529F67D}.Release|Any CPU.ActiveCfg = Release|Any CPU
		{71862457-0139-4DB5-8DEB-1C384529F67D}.Release|Any CPU.Build.0 = Release|Any CPU
		{06CF9C68-0CFD-4A89-8003-0170412214C9}.Debug|Any CPU.ActiveCfg = Debug|Any CPU
		{06CF9C68-0CFD-4A89-8003-0170412214C9}.Debug|Any CPU.Build.0 = Debug|Any CPU
		{06CF9C68-0CFD-4A89-8003-0170412214C9}.Release|Any CPU.ActiveCfg = Release|Any CPU
		{06CF9C68-0CFD-4A89-8003-0170412214C9}.Release|Any CPU.Build.0 = Release|Any CPU
		{F8ED0C1E-AC47-4BAB-95CA-9E3332575693}.Debug|Any CPU.ActiveCfg = Debug|Any CPU
		{F8ED0C1E-AC47-4BAB-95CA-9E3332575693}.Debug|Any CPU.Build.0 = Debug|Any CPU
		{F8ED0C1E-AC47-4BAB-95CA-9E3332575693}.Release|Any CPU.ActiveCfg = Release|Any CPU
		{F8ED0C1E-AC47-4BAB-95CA-9E3332575693}.Release|Any CPU.Build.0 = Release|Any CPU
	EndGlobalSection
	GlobalSection(NestedProjects) = preSolution
		{06CF9C68-0CFD-4A89-8003-0170412214C9} = {2A2FC6AA-CA00-479D-B717-28DA9F41BFDB}
		{71862457-0139-4DB5-8DEB-1C384529F67D} = {FAF80AD2-4E42-473D-86E1-D1FF37E177C2}
		{F8ED0C1E-AC47-4BAB-95CA-9E3332575693} = {FAF80AD2-4E42-473D-86E1-D1FF37E177C2}
	EndGlobalSection
EndGlobal
